
Microsoft Visual Studio Solution File, Format Version 12.00
# Visual Studio 15
VisualStudioVersion = 15.0.26730.16
MinimumVisualStudioVersion = 10.0.40219.1
Project("{FAE04EC0-301F-11D3-BF4B-00C04F79EFBC}") = "Excel2Json", "Excel2Json.csproj", "{09F0DAD7-18F5-412A-9A76-33EA2933527C}"
EndProject
Global
	GlobalSection(SolutionConfigurationPlatforms) = preSolution
		Debug|Any CPU = Debug|Any CPU
		Release|Any CPU = Release|Any CPU
	EndGlobalSection
	GlobalSection(ProjectConfigurationPlatforms) = postSolution
		{09F0DAD7-18F5-412A-9A76-33EA2933527C}.Debug|Any CPU.ActiveCfg = Debug|Any CPU
		{09F0DAD7-18F5-412A-9A76-33EA2933527C}.Debug|Any CPU.Build.0 = Debug|Any CPU
		{09F0DAD7-18F5-412A-9A76-33EA2933527C}.Release|Any CPU.ActiveCfg = Release|Any CPU
		{09F0DAD7-18F5-412A-9A76-33EA2933527C}.Release|Any CPU.Build.0 = Release|Any CPU
	EndGlobalSection
	GlobalSection(SolutionProperties) = preSolution
		HideSolutionNode = FALSE
	EndGlobalSection
	GlobalSection(ExtensibilityGlobals) = postSolution
		SolutionGuid = {1AF6812E-02CB-4788-9542-17FE90C21473}
	EndGlobalSection
EndGlobal
